{
  "name": "dc-npm-decoratewizard",
  "version": "1.0.0",
  "lockfileVersion": 1,
  "requires": true,
  "dependencies": {
    "dc-npm-sw": {
      "version": "1.0.1",
      "resolved": "https://registry.npmjs.org/dc-npm-sw/-/dc-npm-sw-1.0.1.tgz",
      "integrity": "sha512-x7856MmBYLcxGqT+I8W7LJjL4aBEzxCZApPTyp5s18zh+Piwa7icGYyJlAQhMkhgItQ10C5RNnY+AS8UhxvfKA=="
    }
  }
}
